
Microsoft Visual Studio Solution File, Format Version 12.00
# Visual Studio Version 16
VisualStudioVersion = 16.0.29020.237
MinimumVisualStudioVersion = 10.0.40219.1
Project("{FAE04EC0-301F-11D3-BF4B-00C04F79EFBC}") = "Library", "ConvertHTML_ASP\Library.csproj", "{15B53DD0-CC11-4C1F-AB28-66D25879DA0C}"
EndProject
Project("{FAE04EC0-301F-11D3-BF4B-00C04F79EFBC}") = "HTML_ASP", "HTML_ASP\HTML_ASP.csproj", "{C7D08D71-0E5E-467A-98DD-FD484C44F880}"
EndProject
Project("{2150E333-8FDC-42A3-9474-1A3956D46DE8}") = "Web", "Web", "{B81E1E1F-39FE-4224-8902-7D18B0BC2917}"
EndProject
Project("{2150E333-8FDC-42A3-9474-1A3956D46DE8}") = "Library", "Library", "{B70F7D2A-3CA4-453E-82D3-86CA5EAC91E3}"
EndProject
Project("{2150E333-8FDC-42A3-9474-1A3956D46DE8}") = "Demo", "Demo", "{8CBD3098-2F82-46EE-B46C-0835320FFCBD}"
EndProject
Project("{FAE04EC0-301F-11D3-BF4B-00C04F79EFBC}") = "elephant4", "elephant4\elephant4.csproj", "{153E7F11-C6F9-4461-B8CE-46DC22889D81}"
EndProject
Global
	GlobalSection(SolutionConfigurationPlatforms) = preSolution
		Debug|Any CPU = Debug|Any CPU
		Release|Any CPU = Release|Any CPU
	EndGlobalSection
	GlobalSection(ProjectConfigurationPlatforms) = postSolution
		{15B53DD0-CC11-4C1F-AB28-66D25879DA0C}.Debug|Any CPU.ActiveCfg = Debug|Any CPU
		{15B53DD0-CC11-4C1F-AB28-66D25879DA0C}.Debug|Any CPU.Build.0 = Debug|Any CPU
		{15B53DD0-CC11-4C1F-AB28-66D25879DA0C}.Release|Any CPU.ActiveCfg = Release|Any CPU
		{15B53DD0-CC11-4C1F-AB28-66D25879DA0C}.Release|Any CPU.Build.0 = Release|Any CPU
		{C7D08D71-0E5E-467A-98DD-FD484C44F880}.Debug|Any CPU.ActiveCfg = Debug|Any CPU
		{C7D08D71-0E5E-467A-98DD-FD484C44F880}.Debug|Any CPU.Build.0 = Debug|Any CPU
		{C7D08D71-0E5E-467A-98DD-FD484C44F880}.Release|Any CPU.ActiveCfg = Release|Any CPU
		{C7D08D71-0E5E-467A-98DD-FD484C44F880}.Release|Any CPU.Build.0 = Release|Any CPU
		{153E7F11-C6F9-4461-B8CE-46DC22889D81}.Debug|Any CPU.ActiveCfg = Debug|Any CPU
		{153E7F11-C6F9-4461-B8CE-46DC22889D81}.Debug|Any CPU.Build.0 = Debug|Any CPU
		{153E7F11-C6F9-4461-B8CE-46DC22889D81}.Release|Any CPU.ActiveCfg = Release|Any CPU
		{153E7F11-C6F9-4461-B8CE-46DC22889D81}.Release|Any CPU.Build.0 = Release|Any CPU
	EndGlobalSection
	GlobalSection(SolutionProperties) = preSolution
		HideSolutionNode = FALSE
	EndGlobalSection
	GlobalSection(NestedProjects) = preSolution
		{15B53DD0-CC11-4C1F-AB28-66D25879DA0C} = {B70F7D2A-3CA4-453E-82D3-86CA5EAC91E3}
		{C7D08D71-0E5E-467A-98DD-FD484C44F880} = {B81E1E1F-39FE-4224-8902-7D18B0BC2917}
		{153E7F11-C6F9-4461-B8CE-46DC22889D81} = {8CBD3098-2F82-46EE-B46C-0835320FFCBD}
	EndGlobalSection
	GlobalSection(ExtensibilityGlobals) = postSolution
		SolutionGuid = {11BFE7E6-8189-4113-86CE-94E1BF4B71BE}
	EndGlobalSection
EndGlobal
